{
  "name": "grin-ql",
  "version": "1.0.0",
  "lockfileVersion": 1,
  "requires": true,
  "dependencies": {
    "asynckit": {
      "version": "0.4.0",
      "resolved": "https://registry.npmjs.org/asynckit/-/asynckit-0.4.0.tgz",
      "integrity": "sha1-x57Zf380y48robyXkLzDZkdLS3k="
    },
    "combined-stream": {
      "version": "1.0.7",
      "resolved": "https://registry.npmjs.org/combined-stream/-/combined-stream-1.0.7.tgz",
      "integrity": "sha512-brWl9y6vOB1xYPZcpZde3N9zDByXTosAeMDo4p1wzo6UMOX4vumB+TP1RZ76sfE6Md68Q0NJSrE/gbezd4Ul+w==",
      "requires": {
        "delayed-stream": "~1.0.0"
      }
    },
    "delayed-stream": {
      "version": "1.0.0",
      "resolved": "https://registry.npmjs.org/delayed-stream/-/delayed-stream-1.0.0.tgz",
      "integrity": "sha1-3zrhmayt+31ECqrgsp4icrJOxhk="
    },
    "form-data": {
      "version": "2.3.3",
      "resolved": "https://registry.npmjs.org/form-data/-/form-data-2.3.3.tgz",
      "integrity": "sha512-1lLKB2Mu3aGP1Q/2eCOx0fNbRMe7XdwktwOruhfqqd0rIJWwN4Dh+E3hrPSlDCXnSR7UtZ1N38rVXm+6+MEhJQ==",
      "requires": {
        "asynckit": "^0.4.0",
        "combined-stream": "^1.0.6",
        "mime-types": "^2.1.12"
      }
    },
    "graphql": {
      "version": "14.1.1",
      "resolved": "https://registry.npmjs.org/graphql/-/graphql-14.1.1.tgz",
      "integrity": "sha512-C5zDzLqvfPAgTtP8AUPIt9keDabrdRAqSWjj2OPRKrKxI9Fb65I36s1uCs1UUBFnSWTdO7hyHi7z1ZbwKMKF6Q==",
      "requires": {
        "iterall": "^1.2.2"
      }
    },
    "graphql-relay": {
      "version": "0.6.0",
      "resolved": "https://registry.npmjs.org/graphql-relay/-/graphql-relay-0.6.0.tgz",
      "integrity": "sha512-OVDi6C9/qOT542Q3KxZdXja3NrDvqzbihn1B44PH8P/c5s0Q90RyQwT6guhGqXqbYEH6zbeLJWjQqiYvcg2vVw==",
      "requires": {
        "prettier": "^1.16.0"
      }
    },
    "grin-client": {
      "version": "0.2.1",
      "resolved": "https://registry.npmjs.org/grin-client/-/grin-client-0.2.1.tgz",
      "integrity": "sha512-BqKJe47L1HsWQZCwEWTATAun0vzAm50sjiv4tRh42K/JcJfvkAoMw/uBkhnhRmkAuedG0prtJc33xOn/dwkC3Q==",
      "requires": {
        "form-data": "^2.3.3",
        "whatwg-fetch": "^3.0.0"
      }
    },
    "iterall": {
      "version": "1.2.2",
      "resolved": "https://registry.npmjs.org/iterall/-/iterall-1.2.2.tgz",
      "integrity": "sha512-yynBb1g+RFUPY64fTrFv7nsjRrENBQJaX2UL+2Szc9REFrSNm1rpSXHGzhmAy7a9uv3vlvgBlXnf9RqmPH1/DA=="
    },
    "mime-db": {
      "version": "1.38.0",
      "resolved": "https://registry.npmjs.org/mime-db/-/mime-db-1.38.0.tgz",
      "integrity": "sha512-bqVioMFFzc2awcdJZIzR3HjZFX20QhilVS7hytkKrv7xFAn8bM1gzc/FOX2awLISvWe0PV8ptFKcon+wZ5qYkg=="
    },
    "mime-types": {
      "version": "2.1.22",
      "resolved": "https://registry.npmjs.org/mime-types/-/mime-types-2.1.22.tgz",
      "integrity": "sha512-aGl6TZGnhm/li6F7yx82bJiBZwgiEa4Hf6CNr8YO+r5UHr53tSTYZb102zyU50DOWWKeOv0uQLRL0/9EiKWCog==",
      "requires": {
        "mime-db": "~1.38.0"
      }
    },
    "prettier": {
      "version": "1.16.1",
      "resolved": "https://registry.npmjs.org/prettier/-/prettier-1.16.1.tgz",
      "integrity": "sha512-XXUITwIkGb3CPJ2hforHah/zTINRyie5006Jd2HKy2qz7snEJXl0KLfsJZW/wst9g6R2rFvqba3VpNYdu1hDcA=="
    },
    "whatwg-fetch": {
      "version": "3.0.0",
      "resolved": "https://registry.npmjs.org/whatwg-fetch/-/whatwg-fetch-3.0.0.tgz",
      "integrity": "sha512-9GSJUgz1D4MfyKU7KRqwOjXCXTqWdFNvEr7eUBYchQiVc744mqK/MzXPNR2WsPkmkOa4ywfg8C2n8h+13Bey1Q=="
    }
  }
}
